
Microsoft Visual Studio Solution File, Format Version 12.00
# Visual Studio Version 17
VisualStudioVersion = 17.6.33829.357
MinimumVisualStudioVersion = 10.0.40219.1
Project("{FAE04EC0-301F-11D3-BF4B-00C04F79EFBC}") = "Bubbles", "BubbleBitmaps\Bubbles.csproj", "{E37EFAC8-8C9D-425D-9A37-7FCF2AFCAB68}"
EndProject
Global
	GlobalSection(SolutionConfigurationPlatforms) = preSolution
		Debug|Any CPU = Debug|Any CPU
		Release|Any CPU = Release|Any CPU
	EndGlobalSection
	GlobalSection(ProjectConfigurationPlatforms) = postSolution
		{E37EFAC8-8C9D-425D-9A37-7FCF2AFCAB68}.Debug|Any CPU.ActiveCfg = Debug|Any CPU
		{E37EFAC8-8C9D-425D-9A37-7FCF2AFCAB68}.Debug|Any CPU.Build.0 = Debug|Any CPU
		{E37EFAC8-8C9D-425D-9A37-7FCF2AFCAB68}.Release|Any CPU.ActiveCfg = Release|Any CPU
		{E37EFAC8-8C9D-425D-9A37-7FCF2AFCAB68}.Release|Any CPU.Build.0 = Release|Any CPU
	EndGlobalSection
	GlobalSection(SolutionProperties) = preSolution
		HideSolutionNode = FALSE
	EndGlobalSection
	GlobalSection(ExtensibilityGlobals) = postSolution
		SolutionGuid = {D99010A9-A600-4065-9C0E-8A956820F6F7}
	EndGlobalSection
EndGlobal
